# Format: kind source commit

# AUR package recipes
aur awesome-rubato-git f0a6f8931a6e7933b3f0f574b306da57a63574c5
aur la-capitaine-icon-theme 9aea9f82d87e1711b5dbcea4e260ac2dacbbc9b2
aur urxvt-resize-font-git a3d803c30237f2f6f7400d66e2700bb3bd03c7e2
aur mpv-uosc ed9c19be9ed6a369274aa27b79af121109289ebc
aur mpv-thumbfast-git fa683ccd5ccee103ef2e955119b3001d4ef2a8cd
aur python-usb_monitor ce1fa0803135226389f5e1bc53554715cb04fc2d
aur nitrokey-app2 8f78bf3860c084eb406b2c3435262a856b53b984
aur freetube-bin c1199564963b044fe01978451dc7e9db0cf7daca
aur ff2mpv-native-messaging-host-git 65f8cc3afbda12a377aeed52b29a629c84827d14
aur legacyfox 07046ee712fb44190efea71bd1ecd2063f88eb8e
aur paru 329be2113c590046cb29858c23d9b96a8d7bd586
aur namespaced-openvpn-git 5b7b485c8922ea1ce1cbb2b3e4660c2d2ce2966f
aur localepurge dc50298e61badc6bc0b07374d0efcec05a27b7b7
aur brightnessctl-git 77e95c683f5404e7079d68c5cba5a3adbd81de11
aur python-ioctl-opt 680281abe08fe634a52c8f070d5c0ca88bbfbe98
aur python-vdf 03356b92322e040a994692229ebaf3349b21e9ac
aur libcprime 71635be88711232e599e5133d43e13996620b32e
aur corekeyboard 7fd8a856deb60a9a364c85bcd0003fd20d440458

# Neovim packages
nvim neovim/nvim-lspconfig 3928e638fdedf195b23ae5a18f024afa487982bc
nvim hrsh7th/cmp-nvim-lsp cbc7b02bb99fae35cb42f514762b89b5126651ef
nvim hrsh7th/cmp-nvim-lsp-signature-help fd3e882e56956675c620898bf1ffcf4fcbe7ec84
nvim honza/vim-snippets ededcf7581962ee616cadab360d5966f3307f11a
nvim dcampos/nvim-snippy 1f5a5c82cb4902522806a58cf25479f6f8fe16ac
nvim dcampos/cmp-snippy 6e39210aa3a74e2bf6462f492eaf0d436cd2b7d3
nvim hrsh7th/nvim-cmp 2ffe79f1f021def8dd1fcd81deb16f1bb0d989f3
nvim stevearc/aerial.nvim 28fe6e822ae344544c379d60fcb13c9519a1f08a
nvim SmiteshP/nvim-navic f5eba192f39b453675d115351808bd51276d9de5
nvim tpope/vim-fugitive 3b753cf8c6a4dcde6edee8827d464ba9b8c4a6f0
nvim lewis6991/gitsigns.nvim 5be654f2232c10ddcad19c1607a67b6b4b78fc29
nvim rhysd/conflict-marker.vim 62742b2ffe7a433988759c67b5c5a22eff74a14b
nvim lambdalisue/suda.vim c492741b4679b3cdd4d9e34138209784e061d916
nvim junegunn/vim-slash 31aee09b7ea8893a18fa34f65e63e364fc998444
nvim tpope/vim-sleuth be69bff86754b1aa5adcbb527d7fcd1635a84080
nvim folke/lazydev.nvim ff2cbcba459b637ec3fd165a2be59b7bbaeedf0d
nvim nvim-lualine/lualine.nvim 221ce6b2d999187044529f49da6554a92f740a96
nvim nvim-lua/plenary.nvim 74b06c6c75e4eeb3108ec01852001636d85a932b
nvim nvim-telescope/telescope.nvim 40aedd8a68c78a656a10a8d62d80c54af59420fb
nvim LukasPietzschmann/telescope-tabs 62c127346c04c698c0cbd1c1ba945609a0ad10db
nvim gbprod/yanky.nvim dd6689fdda85f66cab7d9b1a1664625f3be0920d
nvim tpope/vim-abolish dcbfe065297d31823561ba787f51056c147aa682
nvim smjonas/live-command.nvim fc8c36d7e5b96945fbc52af7029facc317a47377
nvim nvchad/nvim-colorizer.lua 72a05f62c52241bc7441c820eb53946f92b2e6a4
nvim tpope/vim-vinegar bb1bcddf43cfebe05eb565a84ab069b357d0b3d6
nvim folke/trouble.nvim bd67efe408d4816e25e8491cc5ad4088e708a69a
nvim nvim-tree/nvim-web-devicons 2ae6958df7ced50baac5035cec0c15799eedfbf7
nvim tpope/vim-eunuch 929490937745cd96130d3e7948f762f0aa403314
nvim farmergreg/vim-lastplace e58cb0df716d3c88605ae49db5c4741db8b48aa9
nvim caenrique/buffer-term.nvim 5d2a30d69288398d9e1e25a87822187ff6da6daa
nvim mattn/vim-goimports 66e23a2a5f76d8a18eea0258c733f23969a607a3

# Zsh plugins
zsh zdharma-continuum/fast-syntax-highlighting 3d574ccf48804b10dca52625df13da5edae7f553
zsh demostanis/vi-motions e1bc8cd7e3e08ba5c95867d79994dcd8d1ed41b1
